{
  "name": "@kezziny/smart-hut-extension-yeelight",
  "version": "1.0.0",
  "lockfileVersion": 2,
  "requires": true,
  "packages": {
    "": {
      "name": "@kezziny/smart-hut-extension-yeelight",
      "version": "1.0.0",
      "license": "ISC",
      "dependencies": {
        "@kezziny/reflection": "^1.0.0",
        "@kezziny/smart-hut": "file:../node-smart-hut",
        "typescript": "^4.7.2",
        "yeelight-awesome": "^1.1.0",
        "yeelight-node": "^1.1.6"
      }
    },
    "../node-smart-hut": {
      "version": "1.0.1",
      "license": "ISC",
      "dependencies": {
        "@kezziny/reflection": "^1.0.0",
        "rxjs": "^7.5.5"
      },
      "devDependencies": {
        "typescript": "^4.7.2"
      }
    },
    "node_modules/@kezziny/reflection": {
      "version": "1.0.0",
      "resolved": "https://registry.npmjs.org/@kezziny/reflection/-/reflection-1.0.0.tgz",
      "integrity": "sha512-Y32geFlNJgaC5JsUPYfitksDkziHQTEmt1rmYnVp3NU1I+VNxfuSJCPFMiWrOeP+X3hKfbkvDCtV6zYd638K3w==",
      "dependencies": {
        "rxjs": "^7.5.5"
      },
      "bin": {
        "reflection": "Reflectable.js"
      }
    },
    "node_modules/@kezziny/smart-hut": {
      "resolved": "../node-smart-hut",
      "link": true
    },
    "node_modules/@types/portscanner": {
      "version": "2.1.1",
      "resolved": "https://registry.npmjs.org/@types/portscanner/-/portscanner-2.1.1.tgz",
      "integrity": "sha512-1NsVIbgBKvrqxwtMN0V6CLji1ERwKSI/RWz0J3y++CzSwYNGBStCfpIFgxV3ZwxsDR5PoZqoUWhwraDm+Ztn0Q=="
    },
    "node_modules/async": {
      "version": "2.6.4",
      "resolved": "https://registry.npmjs.org/async/-/async-2.6.4.tgz",
      "integrity": "sha512-mzo5dfJYwAn29PeiJ0zvwTo04zj8HDJj0Mn8TD7sno7q12prdbnasKJHhkm2c1LgrhlJ0teaea8860oxi51mGA==",
      "dependencies": {
        "lodash": "^4.17.14"
      }
    },
    "node_modules/ip": {
      "version": "1.1.8",
      "resolved": "https://registry.npmjs.org/ip/-/ip-1.1.8.tgz",
      "integrity": "sha512-PuExPYUiu6qMBQb4l06ecm6T6ujzhmh+MeJcW9wa89PoAz5pvd4zPgN5WJV104mb6S2T1AwNIAaB70JNrLQWhg=="
    },
    "node_modules/is-number-like": {
      "version": "1.0.8",
      "resolved": "https://registry.npmjs.org/is-number-like/-/is-number-like-1.0.8.tgz",
      "integrity": "sha512-6rZi3ezCyFcn5L71ywzz2bS5b2Igl1En3eTlZlvKjpz1n3IZLAYMbKYAIQgFmEu0GENg92ziU/faEOA/aixjbA==",
      "dependencies": {
        "lodash.isfinite": "^3.3.2"
      }
    },
    "node_modules/lodash": {
      "version": "4.17.21",
      "resolved": "https://registry.npmjs.org/lodash/-/lodash-4.17.21.tgz",
      "integrity": "sha512-v2kDEe57lecTulaDIuNTPy3Ry4gLGJ6Z1O3vE1krgXZNrsQ+LFTGHVxVjcXPs17LhbZVGedAJv8XZ1tvj5FvSg=="
    },
    "node_modules/lodash.isfinite": {
      "version": "3.3.2",
      "resolved": "https://registry.npmjs.org/lodash.isfinite/-/lodash.isfinite-3.3.2.tgz",
      "integrity": "sha512-7FGG40uhC8Mm633uKW1r58aElFlBlxCrg9JfSi3P6aYiWmfiWF0PgMd86ZUsxE5GwWPdHoS2+48bwTh2VPkIQA=="
    },
    "node_modules/portscanner": {
      "version": "2.2.0",
      "resolved": "https://registry.npmjs.org/portscanner/-/portscanner-2.2.0.tgz",
      "integrity": "sha512-IFroCz/59Lqa2uBvzK3bKDbDDIEaAY8XJ1jFxcLWTqosrsc32//P4VuSB2vZXoHiHqOmx8B5L5hnKOxL/7FlPw==",
      "dependencies": {
        "async": "^2.6.0",
        "is-number-like": "^1.0.3"
      },
      "engines": {
        "node": ">=0.4",
        "npm": ">=1.0.0"
      }
    },
    "node_modules/rxjs": {
      "version": "7.5.5",
      "resolved": "https://registry.npmjs.org/rxjs/-/rxjs-7.5.5.tgz",
      "integrity": "sha512-sy+H0pQofO95VDmFLzyaw9xNJU4KTRSwQIGM6+iG3SypAtCiLDzpeG8sJrNCWn2Up9km+KhkvTdbkrdy+yzZdw==",
      "dependencies": {
        "tslib": "^2.1.0"
      }
    },
    "node_modules/tslib": {
      "version": "2.4.0",
      "resolved": "https://registry.npmjs.org/tslib/-/tslib-2.4.0.tgz",
      "integrity": "sha512-d6xOpEDfsi2CZVlPQzGeux8XMwLT9hssAsaPYExaQMuYskwb+x1x7J371tWlbBdWHroy99KnVB6qIkUbs5X3UQ=="
    },
    "node_modules/typescript": {
      "version": "4.7.3",
      "resolved": "https://registry.npmjs.org/typescript/-/typescript-4.7.3.tgz",
      "integrity": "sha512-WOkT3XYvrpXx4vMMqlD+8R8R37fZkjyLGlxavMc4iB8lrl8L0DeTcHbYgw/v0N/z9wAFsgBhcsF0ruoySS22mA==",
      "bin": {
        "tsc": "bin/tsc",
        "tsserver": "bin/tsserver"
      },
      "engines": {
        "node": ">=4.2.0"
      }
    },
    "node_modules/yeelight-awesome": {
      "version": "1.1.0",
      "resolved": "https://registry.npmjs.org/yeelight-awesome/-/yeelight-awesome-1.1.0.tgz",
      "integrity": "sha512-GFLsoucQpu2IL5NXcm/8IfjLGf69wsoyM99KGcUPgroNIo79Qay1n415Hs8RX6zf72A/Vd2YrT7JA/s2zYiHxA==",
      "dependencies": {
        "@types/portscanner": "^2.1.0",
        "ip": "^1.1.5",
        "portscanner": "^2.2.0"
      }
    },
    "node_modules/yeelight-node": {
      "version": "1.1.6",
      "resolved": "https://registry.npmjs.org/yeelight-node/-/yeelight-node-1.1.6.tgz",
      "integrity": "sha512-aqbo3uhf0UqNF/n97IEX7h4DZjC2RHfsMZ4ob+qgSgtJ8We3EpLlMQhsqzks+3mSlsdo+Iz78eSWi+UTpZ4BDQ=="
    }
  },
  "dependencies": {
    "@kezziny/reflection": {
      "version": "1.0.0",
      "resolved": "https://registry.npmjs.org/@kezziny/reflection/-/reflection-1.0.0.tgz",
      "integrity": "sha512-Y32geFlNJgaC5JsUPYfitksDkziHQTEmt1rmYnVp3NU1I+VNxfuSJCPFMiWrOeP+X3hKfbkvDCtV6zYd638K3w==",
      "requires": {
        "rxjs": "^7.5.5"
      }
    },
    "@kezziny/smart-hut": {
      "version": "file:../node-smart-hut",
      "requires": {
        "@kezziny/reflection": "^1.0.0",
        "rxjs": "^7.5.5",
        "typescript": "^4.7.2"
      }
    },
    "@types/portscanner": {
      "version": "2.1.1",
      "resolved": "https://registry.npmjs.org/@types/portscanner/-/portscanner-2.1.1.tgz",
      "integrity": "sha512-1NsVIbgBKvrqxwtMN0V6CLji1ERwKSI/RWz0J3y++CzSwYNGBStCfpIFgxV3ZwxsDR5PoZqoUWhwraDm+Ztn0Q=="
    },
    "async": {
      "version": "2.6.4",
      "resolved": "https://registry.npmjs.org/async/-/async-2.6.4.tgz",
      "integrity": "sha512-mzo5dfJYwAn29PeiJ0zvwTo04zj8HDJj0Mn8TD7sno7q12prdbnasKJHhkm2c1LgrhlJ0teaea8860oxi51mGA==",
      "requires": {
        "lodash": "^4.17.14"
      }
    },
    "ip": {
      "version": "1.1.8",
      "resolved": "https://registry.npmjs.org/ip/-/ip-1.1.8.tgz",
      "integrity": "sha512-PuExPYUiu6qMBQb4l06ecm6T6ujzhmh+MeJcW9wa89PoAz5pvd4zPgN5WJV104mb6S2T1AwNIAaB70JNrLQWhg=="
    },
    "is-number-like": {
      "version": "1.0.8",
      "resolved": "https://registry.npmjs.org/is-number-like/-/is-number-like-1.0.8.tgz",
      "integrity": "sha512-6rZi3ezCyFcn5L71ywzz2bS5b2Igl1En3eTlZlvKjpz1n3IZLAYMbKYAIQgFmEu0GENg92ziU/faEOA/aixjbA==",
      "requires": {
        "lodash.isfinite": "^3.3.2"
      }
    },
    "lodash": {
      "version": "4.17.21",
      "resolved": "https://registry.npmjs.org/lodash/-/lodash-4.17.21.tgz",
      "integrity": "sha512-v2kDEe57lecTulaDIuNTPy3Ry4gLGJ6Z1O3vE1krgXZNrsQ+LFTGHVxVjcXPs17LhbZVGedAJv8XZ1tvj5FvSg=="
    },
    "lodash.isfinite": {
      "version": "3.3.2",
      "resolved": "https://registry.npmjs.org/lodash.isfinite/-/lodash.isfinite-3.3.2.tgz",
      "integrity": "sha512-7FGG40uhC8Mm633uKW1r58aElFlBlxCrg9JfSi3P6aYiWmfiWF0PgMd86ZUsxE5GwWPdHoS2+48bwTh2VPkIQA=="
    },
    "portscanner": {
      "version": "2.2.0",
      "resolved": "https://registry.npmjs.org/portscanner/-/portscanner-2.2.0.tgz",
      "integrity": "sha512-IFroCz/59Lqa2uBvzK3bKDbDDIEaAY8XJ1jFxcLWTqosrsc32//P4VuSB2vZXoHiHqOmx8B5L5hnKOxL/7FlPw==",
      "requires": {
        "async": "^2.6.0",
        "is-number-like": "^1.0.3"
      }
    },
    "rxjs": {
      "version": "7.5.5",
      "resolved": "https://registry.npmjs.org/rxjs/-/rxjs-7.5.5.tgz",
      "integrity": "sha512-sy+H0pQofO95VDmFLzyaw9xNJU4KTRSwQIGM6+iG3SypAtCiLDzpeG8sJrNCWn2Up9km+KhkvTdbkrdy+yzZdw==",
      "requires": {
        "tslib": "^2.1.0"
      }
    },
    "tslib": {
      "version": "2.4.0",
      "resolved": "https://registry.npmjs.org/tslib/-/tslib-2.4.0.tgz",
      "integrity": "sha512-d6xOpEDfsi2CZVlPQzGeux8XMwLT9hssAsaPYExaQMuYskwb+x1x7J371tWlbBdWHroy99KnVB6qIkUbs5X3UQ=="
    },
    "typescript": {
      "version": "4.7.3",
      "resolved": "https://registry.npmjs.org/typescript/-/typescript-4.7.3.tgz",
      "integrity": "sha512-WOkT3XYvrpXx4vMMqlD+8R8R37fZkjyLGlxavMc4iB8lrl8L0DeTcHbYgw/v0N/z9wAFsgBhcsF0ruoySS22mA=="
    },
    "yeelight-awesome": {
      "version": "1.1.0",
      "resolved": "https://registry.npmjs.org/yeelight-awesome/-/yeelight-awesome-1.1.0.tgz",
      "integrity": "sha512-GFLsoucQpu2IL5NXcm/8IfjLGf69wsoyM99KGcUPgroNIo79Qay1n415Hs8RX6zf72A/Vd2YrT7JA/s2zYiHxA==",
      "requires": {
        "@types/portscanner": "^2.1.0",
        "ip": "^1.1.5",
        "portscanner": "^2.2.0"
      }
    },
    "yeelight-node": {
      "version": "1.1.6",
      "resolved": "https://registry.npmjs.org/yeelight-node/-/yeelight-node-1.1.6.tgz",
      "integrity": "sha512-aqbo3uhf0UqNF/n97IEX7h4DZjC2RHfsMZ4ob+qgSgtJ8We3EpLlMQhsqzks+3mSlsdo+Iz78eSWi+UTpZ4BDQ=="
    }
  }
}
